
Microsoft Visual Studio Solution File, Format Version 12.00
# Visual Studio Version 17
VisualStudioVersion = 17.0.32014.148
MinimumVisualStudioVersion = 10.0.40219.1
Project("{9A19103F-16F7-4668-BE54-9A1E7A4F7556}") = "Practise", "NUnitNSubsitute\Practise.csproj", "{704F6028-31BD-4A57-ACB1-AF074B6AF293}"
EndProject
Project("{9A19103F-16F7-4668-BE54-9A1E7A4F7556}") = "PractiseTests", "NUnitNSubsituteTests\PractiseTests.csproj", "{F17F7DB9-37B9-48A0-A8A7-A6A87731679E}"
EndProject
Global
	GlobalSection(SolutionConfigurationPlatforms) = preSolution
		Debug|Any CPU = Debug|Any CPU
		Release|Any CPU = Release|Any CPU
	EndGlobalSection
	GlobalSection(ProjectConfigurationPlatforms) = postSolution
		{704F6028-31BD-4A57-ACB1-AF074B6AF293}.Debug|Any CPU.ActiveCfg = Debug|Any CPU
		{704F6028-31BD-4A57-ACB1-AF074B6AF293}.Debug|Any CPU.Build.0 = Debug|Any CPU
		{704F6028-31BD-4A57-ACB1-AF074B6AF293}.Release|Any CPU.ActiveCfg = Release|Any CPU
		{704F6028-31BD-4A57-ACB1-AF074B6AF293}.Release|Any CPU.Build.0 = Release|Any CPU
		{F17F7DB9-37B9-48A0-A8A7-A6A87731679E}.Debug|Any CPU.ActiveCfg = Debug|Any CPU
		{F17F7DB9-37B9-48A0-A8A7-A6A87731679E}.Debug|Any CPU.Build.0 = Debug|Any CPU
		{F17F7DB9-37B9-48A0-A8A7-A6A87731679E}.Release|Any CPU.ActiveCfg = Release|Any CPU
		{F17F7DB9-37B9-48A0-A8A7-A6A87731679E}.Release|Any CPU.Build.0 = Release|Any CPU
	EndGlobalSection
	GlobalSection(SolutionProperties) = preSolution
		HideSolutionNode = FALSE
	EndGlobalSection
	GlobalSection(ExtensibilityGlobals) = postSolution
		SolutionGuid = {0DC18D23-B8B1-4606-B2A5-4F5776DD3DB4}
	EndGlobalSection
EndGlobal
